
Microsoft Visual Studio Solution File, Format Version 12.00
# Visual Studio Version 17
VisualStudioVersion = 17.9.34723.18
MinimumVisualStudioVersion = 10.0.40219.1
Project("{FAE04EC0-301F-11D3-BF4B-00C04F79EFBC}") = "WebApi", "WebApi\WebApi.csproj", "{35EAC743-0BA1-4D2A-80CE-FC17D2926320}"
EndProject
Project("{E53339B2-1760-4266-BCC7-CA923CBCF16C}") = "docker-compose", "docker-compose.dcproj", "{A05FC9E0-326D-4D63-AA04-BA9C7291705A}"
EndProject
Global
	GlobalSection(SolutionConfigurationPlatforms) = preSolution
		Debug|Any CPU = Debug|Any CPU
		Release|Any CPU = Release|Any CPU
	EndGlobalSection
	GlobalSection(ProjectConfigurationPlatforms) = postSolution
		{35EAC743-0BA1-4D2A-80CE-FC17D2926320}.Debug|Any CPU.ActiveCfg = Debug|Any CPU
		{35EAC743-0BA1-4D2A-80CE-FC17D2926320}.Debug|Any CPU.Build.0 = Debug|Any CPU
		{35EAC743-0BA1-4D2A-80CE-FC17D2926320}.Release|Any CPU.ActiveCfg = Release|Any CPU
		{35EAC743-0BA1-4D2A-80CE-FC17D2926320}.Release|Any CPU.Build.0 = Release|Any CPU
		{A05FC9E0-326D-4D63-AA04-BA9C7291705A}.Debug|Any CPU.ActiveCfg = Debug|Any CPU
		{A05FC9E0-326D-4D63-AA04-BA9C7291705A}.Debug|Any CPU.Build.0 = Debug|Any CPU
		{A05FC9E0-326D-4D63-AA04-BA9C7291705A}.Release|Any CPU.ActiveCfg = Release|Any CPU
		{A05FC9E0-326D-4D63-AA04-BA9C7291705A}.Release|Any CPU.Build.0 = Release|Any CPU
	EndGlobalSection
	GlobalSection(SolutionProperties) = preSolution
		HideSolutionNode = FALSE
	EndGlobalSection
	GlobalSection(ExtensibilityGlobals) = postSolution
		SolutionGuid = {1AC0CACC-16F6-42F2-AA1B-B701C55A82F0}
	EndGlobalSection
EndGlobal
